<?xml version="1.0" encoding="utf-8"?>
<Project ToolsVersion="4.0" xmlns="http://schemas.microsoft.com/developer/msbuild/2003">
  <ItemGroup>
    <Filter Include="Source Files">
      <UniqueIdentifier>{4FC737F1-C7A5-4376-A066-2A32D752A2FF}</UniqueIdentifier>
      <Extensions>cpp;c;cc;cxx;c++;cppm;ixx;def;odl;idl;hpj;bat;asm;asmx</Extensions>
    </Filter>
    <Filter Include="Header Files">
      <UniqueIdentifier>{93995380-89BD-4b04-88EB-625FBE52EBFB}</UniqueIdentifier>
      <Extensions>h;hh;hpp;hxx;h++;hm;inl;inc;ipp;xsd</Extensions>
    </Filter>
    <Filter Include="Resource Files">
      <UniqueIdentifier>{67DA6AB6-F800-4c08-8B7A-83BB121AAD01}</UniqueIdentifier>
      <Extensions>rc;ico;cur;bmp;dlg;rc2;rct;bin;rgs;gif;jpg;jpeg;jpe;resx;tiff;tif;png;wav;mfcribbon-ms</Extensions>
    </Filter>
    <Filter Include="Header Files\Generales">
      <UniqueIdentifier>{d75e936f-592f-4d04-a8f9-c55bd192e0bc}</UniqueIdentifier>
    </Filter>
    <Filter Include="Forms">
      <UniqueIdentifier>{5f9e28aa-f184-4f97-ab01-877f1c16a558}</UniqueIdentifier>
    </Filter>
    <Filter Include="Header Files\Nivel 3">
      <UniqueIdentifier>{7e11b676-d092-49f8-8a89-a8903eb7341e}</UniqueIdentifier>
    </Filter>
    <Filter Include="Header Files\Nivel 2">
      <UniqueIdentifier>{c2f17a24-0267-4b01-b7c6-09227d207994}</UniqueIdentifier>
    </Filter>
    <Filter Include="Header Files\Nivel 1">
      <UniqueIdentifier>{cbbac134-b5bd-4065-9344-eb428e7be80b}</UniqueIdentifier>
    </Filter>
    <Filter Include="Header Files\Nivel 1\Forms-1">
      <UniqueIdentifier>{e4860915-78d7-400d-a399-1f595a39cc1c}</UniqueIdentifier>
    </Filter>
  </ItemGroup>
  <ItemGroup>
    <ClCompile Include="MainForm.cpp">
      <Filter>Source Files</Filter>
    </ClCompile>
    <ClCompile Include="SegundoForm.cpp">
      <Filter>Source Files</Filter>
    </ClCompile>
    <ClCompile Include="MenuInicio.cpp">
      <Filter>Source Files</Filter>
    </ClCompile>
    <ClCompile Include="Dev_menu.cpp">
      <Filter>Forms</Filter>
    </ClCompile>
    <ClCompile Include="MovingEntity.cpp">
      <Filter>Header Files\Nivel 1</Filter>
    </ClCompile>
    <ClCompile Include="Creditos.cpp">
      <Filter>Source Files</Filter>
    </ClCompile>
    <ClCompile Include="AvionNvl1.cpp">
      <Filter>Header Files\Nivel 1\Forms-1</Filter>
    </ClCompile>
    <ClCompile Include="VictoriaLvl1.cpp">
      <Filter>Header Files\Nivel 1\Forms-1</Filter>
    </ClCompile>
    <ClCompile Include="TercerForm.cpp">
      <Filter>Source Files</Filter>
    </ClCompile>
    <ClCompile Include="FinalForm.cpp">
      <Filter>Source Files</Filter>
    </ClCompile>
    <ClCompile Include="Ranking.cpp">
      <Filter>Forms</Filter>
    </ClCompile>
    <ClCompile Include="FormConexionNivel2.cpp">
      <Filter>Source Files</Filter>
    </ClCompile>
    <ClCompile Include="Nvl1-0.cpp">
      <Filter>Source Files</Filter>
    </ClCompile>
    <ClCompile Include="FormNivel2.cpp">
      <Filter>Source Files</Filter>
    </ClCompile>
  </ItemGroup>
  <ItemGroup>
    <ClInclude Include="MainForm.h">
      <Filter>Header Files</Filter>
    </ClInclude>
    <ClInclude Include="SegundoForm.h">
      <Filter>Header Files</Filter>
    </ClInclude>
    <ClInclude Include="MenuInicio.h">
      <Filter>Header Files</Filter>
    </ClInclude>
    <ClInclude Include="Reymundo.h">
      <Filter>Header Files\Nivel 2</Filter>
    </ClInclude>
    <ClInclude Include="Rocas.h">
      <Filter>Header Files\Nivel 2</Filter>
    </ClInclude>
    <ClInclude Include="Agua.h">
      <Filter>Header Files\Nivel 2</Filter>
    </ClInclude>
    <ClInclude Include="Dialogo.hpp">
      <Filter>Header Files\Generales</Filter>
    </ClInclude>
    <ClInclude Include="Entidad.h">
      <Filter>Header Files\Generales</Filter>
    </ClInclude>
    <ClInclude Include="Personaje.h">
      <Filter>Header Files\Generales</Filter>
    </ClInclude>
    <ClInclude Include="Sprite_DB.hpp">
      <Filter>Header Files\Generales</Filter>
    </ClInclude>
    <ClInclude Include="AvionNvl1.h">
      <Filter>Header Files\Nivel 1</Filter>
    </ClInclude>
    <ClInclude Include="AvionHaluno.hpp">
      <Filter>Header Files\Nivel 1</Filter>
    </ClInclude>
    <ClInclude Include="ControlNvl1.hpp">
      <Filter>Header Files\Nivel 1</Filter>
    </ClInclude>
    <ClInclude Include="Dev_menu.h">
      <Filter>Forms</Filter>
    </ClInclude>
    <ClInclude Include="Proyectil.hpp">
      <Filter>Header Files\Generales</Filter>
    </ClInclude>
    <ClInclude Include="MovingEntity.hpp">
      <Filter>Header Files\Nivel 1</Filter>
    </ClInclude>
    <ClInclude Include="ParalaxManager.hpp">
      <Filter>Header Files\Generales</Filter>
    </ClInclude>
    <ClInclude Include="Creditos.h">
      <Filter>Header Files</Filter>
    </ClInclude>
    <ClInclude Include="VictoriaLvl1.h">
      <Filter>Header Files\Nivel 1\Forms-1</Filter>
    </ClInclude>
    <ClInclude Include="AudioManager.hpp">
      <Filter>Header Files\Generales</Filter>
    </ClInclude>
    <ClInclude Include="FinalForm.h">
      <Filter>Header Files</Filter>
    </ClInclude>
    <ClInclude Include="Balanza.h">
      <Filter>Header Files\Nivel 3</Filter>
    </ClInclude>
    <ClInclude Include="ControlNvl3.h">
      <Filter>Header Files\Nivel 3</Filter>
    </ClInclude>
    <ClInclude Include="Controladora_2do.h">
      <Filter>Header Files\Nivel 2</Filter>
    </ClInclude>
    <ClInclude Include="Moneda.h">
      <Filter>Header Files\Nivel 3</Filter>
    </ClInclude>
    <ClInclude Include="Prop.hpp">
      <Filter>Header Files\Generales</Filter>
    </ClInclude>
    <ClInclude Include="TercerForm.h">
      <Filter>Header Files\Nivel 3</Filter>
    </ClInclude>
    <ClInclude Include="Ranking.h">
      <Filter>Forms</Filter>
    </ClInclude>
    <ClInclude Include="Control1_0.hpp">
      <Filter>Header Files</Filter>
    </ClInclude>
    <ClInclude Include="FormConexionNivel2.h">
      <Filter>Header Files</Filter>
    </ClInclude>
    <ClInclude Include="Guardado.hpp">
      <Filter>Header Files</Filter>
    </ClInclude>
    <ClInclude Include="Nvl1-0.h">
      <Filter>Header Files</Filter>
    </ClInclude>
    <ClInclude Include="FormNivel2.h">
      <Filter>Header Files</Filter>
    </ClInclude>
  </ItemGroup>
  <ItemGroup>
    <EmbeddedResource Include="VictoriaLvl1.resx">
      <Filter>Header Files\Nivel 1\Forms-1</Filter>
    </EmbeddedResource>
    <EmbeddedResource Include="TercerForm.resx">
      <Filter>Header Files\Nivel 3</Filter>
    </EmbeddedResource>
  </ItemGroup>
</Project>